
Microsoft Visual Studio Solution File, Format Version 12.00
# Visual Studio 15
VisualStudioVersion = 15.0.27130.2010
MinimumVisualStudioVersion = 10.0.40219.1
Project("{FAE04EC0-301F-11D3-BF4B-00C04F79EFBC}") = "SimpleWebApp", "SimpleWebApp\SimpleWebApp.csproj", "{CC32FC80-2A90-43CA-BEC9-D292DD4D0238}"
EndProject
Global
	GlobalSection(SolutionConfigurationPlatforms) = preSolution
		Debug|Any CPU = Debug|Any CPU
		Release|Any CPU = Release|Any CPU
	EndGlobalSection
	GlobalSection(ProjectConfigurationPlatforms) = postSolution
		{CC32FC80-2A90-43CA-BEC9-D292DD4D0238}.Debug|Any CPU.ActiveCfg = Debug|Any CPU
		{CC32FC80-2A90-43CA-BEC9-D292DD4D0238}.Debug|Any CPU.Build.0 = Debug|Any CPU
		{CC32FC80-2A90-43CA-BEC9-D292DD4D0238}.Release|Any CPU.ActiveCfg = Release|Any CPU
		{CC32FC80-2A90-43CA-BEC9-D292DD4D0238}.Release|Any CPU.Build.0 = Release|Any CPU
	EndGlobalSection
	GlobalSection(SolutionProperties) = preSolution
		HideSolutionNode = FALSE
	EndGlobalSection
	GlobalSection(ExtensibilityGlobals) = postSolution
		SolutionGuid = {E8788039-0CDA-4509-920D-D854533B24E8}
	EndGlobalSection
EndGlobal
